
Microsoft Visual Studio Solution File, Format Version 12.00
# Visual Studio Express 15 for Windows Desktop
VisualStudioVersion = 15.0.28307.1145
MinimumVisualStudioVersion = 10.0.40219.1
Project("{FAE04EC0-301F-11D3-BF4B-00C04F79EFBC}") = "AttributeChange", "AttributeChange\AttributeChange.csproj", "{4B167D90-8332-4C30-AB68-5B3DA08C742C}"
EndProject
Global
	GlobalSection(SolutionConfigurationPlatforms) = preSolution
		Debug|Any CPU = Debug|Any CPU
		Release|Any CPU = Release|Any CPU
	EndGlobalSection
	GlobalSection(ProjectConfigurationPlatforms) = postSolution
		{4B167D90-8332-4C30-AB68-5B3DA08C742C}.Debug|Any CPU.ActiveCfg = Debug|Any CPU
		{4B167D90-8332-4C30-AB68-5B3DA08C742C}.Debug|Any CPU.Build.0 = Debug|Any CPU
		{4B167D90-8332-4C30-AB68-5B3DA08C742C}.Release|Any CPU.ActiveCfg = Release|Any CPU
		{4B167D90-8332-4C30-AB68-5B3DA08C742C}.Release|Any CPU.Build.0 = Release|Any CPU
	EndGlobalSection
	GlobalSection(SolutionProperties) = preSolution
		HideSolutionNode = FALSE
	EndGlobalSection
	GlobalSection(ExtensibilityGlobals) = postSolution
		SolutionGuid = {3BBDA9CD-862C-4665-AD99-AB5EF95FF974}
	EndGlobalSection
EndGlobal
